
Microsoft Visual Studio Solution File, Format Version 12.00
# Visual Studio Version 17
VisualStudioVersion = 17.14.36121.58 d17.14
MinimumVisualStudioVersion = 10.0.40219.1
Project("{FAE04EC0-301F-11D3-BF4B-00C04F79EFBC}") = "SiciBackend", "SiciBackend\SiciBackend.csproj", "{AFDC259E-D909-4ED6-BCC2-A37C196A9F40}"
EndProject
Global
	GlobalSection(SolutionConfigurationPlatforms) = preSolution
		Debug|Any CPU = Debug|Any CPU
		Release|Any CPU = Release|Any CPU
	EndGlobalSection
	GlobalSection(ProjectConfigurationPlatforms) = postSolution
		{AFDC259E-D909-4ED6-BCC2-A37C196A9F40}.Debug|Any CPU.ActiveCfg = Debug|Any CPU
		{AFDC259E-D909-4ED6-BCC2-A37C196A9F40}.Debug|Any CPU.Build.0 = Debug|Any CPU
		{AFDC259E-D909-4ED6-BCC2-A37C196A9F40}.Release|Any CPU.ActiveCfg = Release|Any CPU
		{AFDC259E-D909-4ED6-BCC2-A37C196A9F40}.Release|Any CPU.Build.0 = Release|Any CPU
	EndGlobalSection
	GlobalSection(SolutionProperties) = preSolution
		HideSolutionNode = FALSE
	EndGlobalSection
	GlobalSection(ExtensibilityGlobals) = postSolution
		SolutionGuid = {8E5614F7-0CA0-4B24-95A2-997C40C536AE}
	EndGlobalSection
EndGlobal
